// !$*UTF8*$!
{
	archiveVersion = 1;
	classes = {
	};
	objectVersion = 50;
	objects = {

/* Begin PBXBuildFile section */
		2F15B03922C2C3B60092AA7E /* AppDelegate.m in Sources */ = {isa = PBXBuildFile; fileRef = 2F15B03822C2C3B60092AA7E /* AppDelegate.m */; };
		2F15B03C22C2C3B60092AA7E /* ViewController.m in Sources */ = {isa = PBXBuildFile; fileRef = 2F15B03B22C2C3B60092AA7E /* ViewController.m */; };
		2F15B03F22C2C3B60092AA7E /* Main.storyboard in Resources */ = {isa = PBXBuildFile; fileRef = 2F15B03D22C2C3B60092AA7E /* Main.storyboard */; };
		2F15B04122C2C3B60092AA7E /* Assets.xcassets in Resources */ = {isa = PBXBuildFile; fileRef = 2F15B04022C2C3B60092AA7E /* Assets.xcassets */; };
		2F15B04422C2C3B60092AA7E /* LaunchScreen.storyboard in Resources */ = {isa = PBXBuildFile; fileRef = 2F15B04222C2C3B60092AA7E /* LaunchScreen.storyboard */; };
		2F15B04722C2C3B60092AA7E /* main.m in Sources */ = {isa = PBXBuildFile; fileRef = 2F15B04622C2C3B60092AA7E /* main.m */; };
		2F15B05122C2C3B60092AA7E /* TipsyTests.m in Sources */ = {isa = PBXBuildFile; fileRef = 2F15B05022C2C3B60092AA7E /* TipsyTests.m */; };
		2F15B05C22C2C3B70092AA7E /* TipsyUITests.m in Sources */ = {isa = PBXBuildFile; fileRef = 2F15B05B22C2C3B70092AA7E /* TipsyUITests.m */; };
/* End PBXBuildFile section */

/* Begin PBXContainerItemProxy section */
		2F15B04D22C2C3B60092AA7E /* PBXContainerItemProxy */ = {
			isa = PBXContainerItemProxy;
			containerPortal = 2F15B02C22C2C3B50092AA7E /* Project object */;
			proxyType = 1;
			remoteGlobalIDString = 2F15B03322C2C3B50092AA7E;
			remoteInfo = Tipsy;
		};
		2F15B05822C2C3B70092AA7E /* PBXContainerItemProxy */ = {
			isa = PBXContainerItemProxy;
			containerPortal = 2F15B02C22C2C3B50092AA7E /* Project object */;
			proxyType = 1;
			remoteGlobalIDString = 2F15B03322C2C3B50092AA7E;
			remoteInfo = Tipsy;
		};
/* End PBXContainerItemProxy section */

/* Begin PBXFileReference section */
		2F15B03422C2C3B60092AA7E /* Tipsy.app */ = {isa = PBXFileReference; explicitFileType = wrapper.application; includeInIndex = 0; path = Tipsy.app; sourceTree = BUILT_PRODUCTS_DIR; };
		2F15B03722C2C3B60092AA7E /* AppDelegate.h */ = {isa = PBXFileReference; lastKnownFileType = sourcecode.c.h; path = AppDelegate.h; sourceTree = "<group>"; };
		2F15B03822C2C3B60092AA7E /* AppDelegate.m */ = {isa = PBXFileReference; lastKnownFileType = sourcecode.c.objc; path = AppDelegate.m; sourceTree = "<group>"; };
		2F15B03A22C2C3B60092AA7E /* ViewController.h */ = {isa = PBXFileReference; lastKnownFileType = sourcecode.c.h; path = ViewController.h; sourceTree = "<group>"; };
		2F15B03B22C2C3B60092AA7E /* ViewController.m */ = {isa = PBXFileReference; lastKnownFileType = sourcecode.c.objc; path = ViewController.m; sourceTree = "<group>"; };
		2F15B03E22C2C3B60092AA7E /* Base */ = {isa = PBXFileReference; lastKnownFileType = file.storyboard; name = Base; path = Base.lproj/Main.storyboard; sourceTree = "<group>"; };
		2F15B04022C2C3B60092AA7E /* Assets.xcassets */ = {isa = PBXFileReference; lastKnownFileType = folder.assetcatalog; path = Assets.xcassets; sourceTree = "<group>"; };
		2F15B04322C2C3B60092AA7E /* Base */ = {isa = PBXFileReference; lastKnownFileType = file.storyboard; name = Base; path = Base.lproj/LaunchScreen.storyboard; sourceTree = "<group>"; };
		2F15B04522C2C3B60092AA7E /* Info.plist */ = {isa = PBXFileReference; lastKnownFileType = text.plist.xml; path = Info.plist; sourceTree = "<group>"; };
		2F15B04622C2C3B60092AA7E /* main.m */ = {isa = PBXFileReference; lastKnownFileType = sourcecode.c.objc; path = main.m; sourceTree = "<group>"; };
		2F15B04C22C2C3B60092AA7E /* TipsyTests.xctest */ = {isa = PBXFileReference; explicitFileType = wrapper.cfbundle; includeInIndex = 0; path = TipsyTests.xctest; sourceTree = BUILT_PRODUCTS_DIR; };
		2F15B05022C2C3B60092AA7E /* TipsyTests.m */ = {isa = PBXFileReference; lastKnownFileType = sourcecode.c.objc; path = TipsyTests.m; sourceTree = "<group>"; };
		2F15B05222C2C3B60092AA7E /* Info.plist */ = {isa = PBXFileReference; lastKnownFileType = text.plist.xml; path = Info.plist; sourceTree = "<group>"; };
		2F15B05722C2C3B70092AA7E /* TipsyUITests.xctest */ = {isa = PBXFileReference; explicitFileType = wrapper.cfbundle; includeInIndex = 0; path = TipsyUITests.xctest; sourceTree = BUILT_PRODUCTS_DIR; };
		2F15B05B22C2C3B70092AA7E /* TipsyUITests.m */ = {isa = PBXFileReference; lastKnownFileType = sourcecode.c.objc; path = TipsyUITests.m; sourceTree = "<group>"; };
		2F15B05D22C2C3B70092AA7E /* Info.plist */ = {isa = PBXFileReference; lastKnownFileType = text.plist.xml; path = Info.plist; sourceTree = "<group>"; };
/* End PBXFileReference section */

/* Begin PBXFrameworksBuildPhase section */
		2F15B03122C2C3B50092AA7E /* Frameworks */ = {
			isa = PBXFrameworksBuildPhase;
			buildActionMask = 2147483647;
			files = (
			);
			runOnlyForDeploymentPostprocessing = 0;
		};
		2F15B04922C2C3B60092AA7E /* Frameworks */ = {
			isa = PBXFrameworksBuildPhase;
			buildActionMask = 2147483647;
			files = (
			);
			runOnlyForDeploymentPostprocessing = 0;
		};
		2F15B05422C2C3B70092AA7E /* Frameworks */ = {
			isa = PBXFrameworksBuildPhase;
			buildActionMask = 2147483647;
			files = (
			);
			runOnlyForDeploymentPostprocessing = 0;
		};
/* End PBXFrameworksBuildPhase section */

/* Begin PBXGroup section */
		2F15B02B22C2C3B50092AA7E = {
			isa = PBXGroup;
			children = (
				2F15B03622C2C3B60092AA7E /* Tipsy */,
				2F15B04F22C2C3B60092AA7E /* TipsyTests */,
				2F15B05A22C2C3B70092AA7E /* TipsyUITests */,
				2F15B03522C2C3B60092AA7E /* Products */,
			);
			sourceTree = "<group>";
		};
		2F15B03522C2C3B60092AA7E /* Products */ = {
			isa = PBXGroup;
			children = (
				2F15B03422C2C3B60092AA7E /* Tipsy.app */,
				2F15B04C22C2C3B60092AA7E /* TipsyTests.xctest */,
				2F15B05722C2C3B70092AA7E /* TipsyUITests.xctest */,
			);
			name = Products;
			sourceTree = "<group>";
		};
		2F15B03622C2C3B60092AA7E /* Tipsy */ = {
			isa = PBXGroup;
			children = (
				2F15B03722C2C3B60092AA7E /* AppDelegate.h */,
				2F15B03822C2C3B60092AA7E /* AppDelegate.m */,
				2F15B03A22C2C3B60092AA7E /* ViewController.h */,
				2F15B03B22C2C3B60092AA7E /* ViewController.m */,
				2F15B03D22C2C3B60092AA7E /* Main.storyboard */,
				2F15B04022C2C3B60092AA7E /* Assets.xcassets */,
				2F15B04222C2C3B60092AA7E /* LaunchScreen.storyboard */,
				2F15B04522C2C3B60092AA7E /* Info.plist */,
				2F15B04622C2C3B60092AA7E /* main.m */,
			);
			path = Tipsy;
			sourceTree = "<group>";
		};
		2F15B04F22C2C3B60092AA7E /* TipsyTests */ = {
			isa = PBXGroup;
			children = (
				2F15B05022C2C3B60092AA7E /* TipsyTests.m */,
				2F15B05222C2C3B60092AA7E /* Info.plist */,
			);
			path = TipsyTests;
			sourceTree = "<group>";
		};
		2F15B05A22C2C3B70092AA7E /* TipsyUITests */ = {
			isa = PBXGroup;
			children = (
				2F15B05B22C2C3B70092AA7E /* TipsyUITests.m */,
				2F15B05D22C2C3B70092AA7E /* Info.plist */,
			);
			path = TipsyUITests;
			sourceTree = "<group>";
		};
/* End PBXGroup section */

/* Begin PBXNativeTarget section */
		2F15B03322C2C3B50092AA7E /* Tipsy */ = {
			isa = PBXNativeTarget;
			buildConfigurationList = 2F15B06022C2C3B70092AA7E /* Build configuration list for PBXNativeTarget "Tipsy" */;
			buildPhases = (
				2F15B03022C2C3B50092AA7E /* Sources */,
				2F15B03122C2C3B50092AA7E /* Frameworks */,
				2F15B03222C2C3B50092AA7E /* Resources */,
			);
			buildRules = (
			);
			dependencies = (
			);
			name = Tipsy;
			productName = Tipsy;
			productReference = 2F15B03422C2C3B60092AA7E /* Tipsy.app */;
			productType = "com.apple.product-type.application";
		};
		2F15B04B22C2C3B60092AA7E /* TipsyTests */ = {
			isa = PBXNativeTarget;
			buildConfigurationList = 2F15B06322C2C3B70092AA7E /* Build configuration list for PBXNativeTarget "TipsyTests" */;
			buildPhases = (
				2F15B04822C2C3B60092AA7E /* Sources */,
				2F15B04922C2C3B60092AA7E /* Frameworks */,
				2F15B04A22C2C3B60092AA7E /* Resources */,
			);
			buildRules = (
			);
			dependencies = (
				2F15B04E22C2C3B60092AA7E /* PBXTargetDependency */,
			);
			name = TipsyTests;
			productName = TipsyTests;
			productReference = 2F15B04C22C2C3B60092AA7E /* TipsyTests.xctest */;
			productType = "com.apple.product-type.bundle.unit-test";
		};
		2F15B05622C2C3B70092AA7E /* TipsyUITests */ = {
			isa = PBXNativeTarget;
			buildConfigurationList = 2F15B06622C2C3B70092AA7E /* Build configuration list for PBXNativeTarget "TipsyUITests" */;
			buildPhases = (
				2F15B05322C2C3B70092AA7E /* Sources */,
				2F15B05422C2C3B70092AA7E /* Frameworks */,
				2F15B05522C2C3B70092AA7E /* Resources */,
			);
			buildRules = (
			);
			dependencies = (
				2F15B05922C2C3B70092AA7E /* PBXTargetDependency */,
			);
			name = TipsyUITests;
			productName = TipsyUITests;
			productReference = 2F15B05722C2C3B70092AA7E /* TipsyUITests.xctest */;
			productType = "com.apple.product-type.bundle.ui-testing";
		};
/* End PBXNativeTarget section */

/* Begin PBXProject section */
		2F15B02C22C2C3B50092AA7E /* Project object */ = {
			isa = PBXProject;
			attributes = {
				LastUpgradeCheck = 1020;
				ORGANIZATIONNAME = atalwar98;
				TargetAttributes = {
					2F15B03322C2C3B50092AA7E = {
						CreatedOnToolsVersion = 10.2.1;
					};
					2F15B04B22C2C3B60092AA7E = {
						CreatedOnToolsVersion = 10.2.1;
						TestTargetID = 2F15B03322C2C3B50092AA7E;
					};
					2F15B05622C2C3B70092AA7E = {
						CreatedOnToolsVersion = 10.2.1;
						TestTargetID = 2F15B03322C2C3B50092AA7E;
					};
				};
			};
			buildConfigurationList = 2F15B02F22C2C3B50092AA7E /* Build configuration list for PBXProject "Tipsy" */;
			compatibilityVersion = "Xcode 9.3";
			developmentRegion = en;
			hasScannedForEncodings = 0;
			knownRegions = (
				en,
				Base,
			);
			mainGroup = 2F15B02B22C2C3B50092AA7E;
			productRefGroup = 2F15B03522C2C3B60092AA7E /* Products */;
			projectDirPath = "";
			projectRoot = "";
			targets = (
				2F15B03322C2C3B50092AA7E /* Tipsy */,
				2F15B04B22C2C3B60092AA7E /* TipsyTests */,
				2F15B05622C2C3B70092AA7E /* TipsyUITests */,
			);
		};
/* End PBXProject section */

/* Begin PBXResourcesBuildPhase section */
		2F15B03222C2C3B50092AA7E /* Resources */ = {
			isa = PBXResourcesBuildPhase;
			buildActionMask = 2147483647;
			files = (
				2F15B04422C2C3B60092AA7E /* LaunchScreen.storyboard in Resources */,
				2F15B04122C2C3B60092AA7E /* Assets.xcassets in Resources */,
				2F15B03F22C2C3B60092AA7E /* Main.storyboard in Resources */,
			);
			runOnlyForDeploymentPostprocessing = 0;
		};
		2F15B04A22C2C3B60092AA7E /* Resources */ = {
			isa = PBXResourcesBuildPhase;
			buildActionMask = 2147483647;
			files = (
			);
			runOnlyForDeploymentPostprocessing = 0;
		};
		2F15B05522C2C3B70092AA7E /* Resources */ = {
			isa = PBXResourcesBuildPhase;
			buildActionMask = 2147483647;
			files = (
			);
			runOnlyForDeploymentPostprocessing = 0;
		};
/* End PBXResourcesBuildPhase section */

/* Begin PBXSourcesBuildPhase section */
		2F15B03022C2C3B50092AA7E /* Sources */ = {
			isa = PBXSourcesBuildPhase;
			buildActionMask = 2147483647;
			files = (
				2F15B03C22C2C3B60092AA7E /* ViewController.m in Sources */,
				2F15B04722C2C3B60092AA7E /* main.m in Sources */,
				2F15B03922C2C3B60092AA7E /* AppDelegate.m in Sources */,
			);
			runOnlyForDeploymentPostprocessing = 0;
		};
		2F15B04822C2C3B60092AA7E /* Sources */ = {
			isa = PBXSourcesBuildPhase;
			buildActionMask = 2147483647;
			files = (
				2F15B05122C2C3B60092AA7E /* TipsyTests.m in Sources */,
			);
			runOnlyForDeploymentPostprocessing = 0;
		};
		2F15B05322C2C3B70092AA7E /* Sources */ = {
			isa = PBXSourcesBuildPhase;
			buildActionMask = 2147483647;
			files = (
				2F15B05C22C2C3B70092AA7E /* TipsyUITests.m in Sources */,
			);
			runOnlyForDeploymentPostprocessing = 0;
		};
/* End PBXSourcesBuildPhase section */

/* Begin PBXTargetDependency section */
		2F15B04E22C2C3B60092AA7E /* PBXTargetDependency */ = {
			isa = PBXTargetDependency;
			target = 2F15B03322C2C3B50092AA7E /* Tipsy */;
			targetProxy = 2F15B04D22C2C3B60092AA7E /* PBXContainerItemProxy */;
		};
		2F15B05922C2C3B70092AA7E /* PBXTargetDependency */ = {
			isa = PBXTargetDependency;
			target = 2F15B03322C2C3B50092AA7E /* Tipsy */;
			targetProxy = 2F15B05822C2C3B70092AA7E /* PBXContainerItemProxy */;
		};
/* End PBXTargetDependency section */

/* Begin PBXVariantGroup section */
		2F15B03D22C2C3B60092AA7E /* Main.storyboard */ = {
			isa = PBXVariantGroup;
			children = (
				2F15B03E22C2C3B60092AA7E /* Base */,
			);
			name = Main.storyboard;
			sourceTree = "<group>";
		};
		2F15B04222C2C3B60092AA7E /* LaunchScreen.storyboard */ = {
			isa = PBXVariantGroup;
			children = (
				2F15B04322C2C3B60092AA7E /* Base */,
			);
			name = LaunchScreen.storyboard;
			sourceTree = "<group>";
		};
/* End PBXVariantGroup section */

/* Begin XCBuildConfiguration section */
		2F15B05E22C2C3B70092AA7E /* Debug */ = {
			isa = XCBuildConfiguration;
			buildSettings = {
				ALWAYS_SEARCH_USER_PATHS = NO;
				CLANG_ANALYZER_NONNULL = YES;
				CLANG_ANALYZER_NUMBER_OBJECT_CONVERSION = YES_AGGRESSIVE;
				CLANG_CXX_LANGUAGE_STANDARD = "gnu++14";
				CLANG_CXX_LIBRARY = "libc++";
				CLANG_ENABLE_MODULES = YES;
				CLANG_ENABLE_OBJC_ARC = YES;
				CLANG_ENABLE_OBJC_WEAK = YES;
				CLANG_WARN_BLOCK_CAPTURE_AUTORELEASING = YES;
				CLANG_WARN_BOOL_CONVERSION = YES;
				CLANG_WARN_COMMA = YES;
				CLANG_WARN_CONSTANT_CONVERSION = YES;
				CLANG_WARN_DEPRECATED_OBJC_IMPLEMENTATIONS = YES;
				CLANG_WARN_DIRECT_OBJC_ISA_USAGE = YES_ERROR;
				CLANG_WARN_DOCUMENTATION_COMMENTS = YES;
				CLANG_WARN_EMPTY_BODY = YES;
				CLANG_WARN_ENUM_CONVERSION = YES;
				CLANG_WARN_INFINITE_RECURSION = YES;
				CLANG_WARN_INT_CONVERSION = YES;
				CLANG_WARN_NON_LITERAL_NULL_CONVERSION = YES;
				CLANG_WARN_OBJC_IMPLICIT_RETAIN_SELF = YES;
				CLANG_WARN_OBJC_LITERAL_CONVERSION = YES;
				CLANG_WARN_OBJC_ROOT_CLASS = YES_ERROR;
				CLANG_WARN_RANGE_LOOP_ANALYSIS = YES;
				CLANG_WARN_STRICT_PROTOTYPES = YES;
				CLANG_WARN_SUSPICIOUS_MOVE = YES;
				CLANG_WARN_UNGUARDED_AVAILABILITY = YES_AGGRESSIVE;
				CLANG_WARN_UNREACHABLE_CODE = YES;
				CLANG_WARN__DUPLICATE_METHOD_MATCH = YES;
				CODE_SIGN_IDENTITY = "iPhone Developer";
				COPY_PHASE_STRIP = NO;
				DEBUG_INFORMATION_FORMAT = dwarf;
				ENABLE_STRICT_OBJC_MSGSEND = YES;
				ENABLE_TESTABILITY = YES;
				GCC_C_LANGUAGE_STANDARD = gnu11;
				GCC_DYNAMIC_NO_PIC = NO;
				GCC_NO_COMMON_BLOCKS = YES;
				GCC_OPTIMIZATION_LEVEL = 0;
				GCC_PREPROCESSOR_DEFINITIONS = (
					"DEBUG=1",
					"$(inherited)",
				);
				GCC_WARN_64_TO_32_BIT_CONVERSION = YES;
				GCC_WARN_ABOUT_RETURN_TYPE = YES_ERROR;
				GCC_WARN_UNDECLARED_SELECTOR = YES;
				GCC_WARN_UNINITIALIZED_AUTOS = YES_AGGRESSIVE;
				GCC_WARN_UNUSED_FUNCTION = YES;
				GCC_WARN_UNUSED_VARIABLE = YES;
				IPHONEOS_DEPLOYMENT_TARGET = 12.2;
				MTL_ENABLE_DEBUG_INFO = INCLUDE_SOURCE;
				MTL_FAST_MATH = YES;
				ONLY_ACTIVE_ARCH = YES;
				SDKROOT = iphoneos;
			};
			name = Debug;
		};
		2F15B05F22C2C3B70092AA7E /* Release */ = {
			isa = XCBuildConfiguration;
			buildSettings = {
				ALWAYS_SEARCH_USER_PATHS = NO;
				CLANG_ANALYZER_NONNULL = YES;
				CLANG_ANALYZER_NUMBER_OBJECT_CONVERSION = YES_AGGRESSIVE;
				CLANG_CXX_LANGUAGE_STANDARD = "gnu++14";
				CLANG_CXX_LIBRARY = "libc++";
				CLANG_ENABLE_MODULES = YES;
				CLANG_ENABLE_OBJC_ARC = YES;
				CLANG_ENABLE_OBJC_WEAK = YES;
				CLANG_WARN_BLOCK_CAPTURE_AUTORELEASING = YES;
				CLANG_WARN_BOOL_CONVERSION = YES;
				CLANG_WARN_COMMA = YES;
				CLANG_WARN_CONSTANT_CONVERSION = YES;
				CLANG_WARN_DEPRECATED_OBJC_IMPLEMENTATIONS = YES;
				CLANG_WARN_DIRECT_OBJC_ISA_USAGE = YES_ERROR;
				CLANG_WARN_DOCUMENTATION_COMMENTS = YES;
				CLANG_WARN_EMPTY_BODY = YES;
				CLANG_WARN_ENUM_CONVERSION = YES;
				CLANG_WARN_INFINITE_RECURSION = YES;
				CLANG_WARN_INT_CONVERSION = YES;
				CLANG_WARN_NON_LITERAL_NULL_CONVERSION = YES;
				CLANG_WARN_OBJC_IMPLICIT_RETAIN_SELF = YES;
				CLANG_WARN_OBJC_LITERAL_CONVERSION = YES;
				CLANG_WARN_OBJC_ROOT_CLASS = YES_ERROR;
				CLANG_WARN_RANGE_LOOP_ANALYSIS = YES;
				CLANG_WARN_STRICT_PROTOTYPES = YES;
				CLANG_WARN_SUSPICIOUS_MOVE = YES;
				CLANG_WARN_UNGUARDED_AVAILABILITY = YES_AGGRESSIVE;
				CLANG_WARN_UNREACHABLE_CODE = YES;
				CLANG_WARN__DUPLICATE_METHOD_MATCH = YES;
				CODE_SIGN_IDENTITY = "iPhone Developer";
				COPY_PHASE_STRIP = NO;
				DEBUG_INFORMATION_FORMAT = "dwarf-with-dsym";
				ENABLE_NS_ASSERTIONS = NO;
				ENABLE_STRICT_OBJC_MSGSEND = YES;
				GCC_C_LANGUAGE_STANDARD = gnu11;
				GCC_NO_COMMON_BLOCKS = YES;
				GCC_WARN_64_TO_32_BIT_CONVERSION = YES;
				GCC_WARN_ABOUT_RETURN_TYPE = YES_ERROR;
				GCC_WARN_UNDECLARED_SELECTOR = YES;
				GCC_WARN_UNINITIALIZED_AUTOS = YES_AGGRESSIVE;
				GCC_WARN_UNUSED_FUNCTION = YES;
				GCC_WARN_UNUSED_VARIABLE = YES;
				IPHONEOS_DEPLOYMENT_TARGET = 12.2;
				MTL_ENABLE_DEBUG_INFO = NO;
				MTL_FAST_MATH = YES;
				SDKROOT = iphoneos;
				VALIDATE_PRODUCT = YES;
			};
			name = Release;
		};
		2F15B06122C2C3B70092AA7E /* Debug */ = {
			isa = XCBuildConfiguration;
			buildSettings = {
				ASSETCATALOG_COMPILER_APPICON_NAME = AppIcon;
				CODE_SIGN_STYLE = Automatic;
				INFOPLIST_FILE = Tipsy/Info.plist;
				LD_RUNPATH_SEARCH_PATHS = (
					"$(inherited)",
					"@executable_path/Frameworks",
				);
				PRODUCT_BUNDLE_IDENTIFIER = com.atalwar98.Tipsy;
				PRODUCT_NAME = "$(TARGET_NAME)";
				TARGETED_DEVICE_FAMILY = "1,2";
			};
			name = Debug;
		};
		2F15B06222C2C3B70092AA7E /* Release */ = {
			isa = XCBuildConfiguration;
			buildSettings = {
				ASSETCATALOG_COMPILER_APPICON_NAME = AppIcon;
				CODE_SIGN_STYLE = Automatic;
				INFOPLIST_FILE = Tipsy/Info.plist;
				LD_RUNPATH_SEARCH_PATHS = (
					"$(inherited)",
					"@executable_path/Frameworks",
				);
				PRODUCT_BUNDLE_IDENTIFIER = com.atalwar98.Tipsy;
				PRODUCT_NAME = "$(TARGET_NAME)";
				TARGETED_DEVICE_FAMILY = "1,2";
			};
			name = Release;
		};
		2F15B06422C2C3B70092AA7E /* Debug */ = {
			isa = XCBuildConfiguration;
			buildSettings = {
				BUNDLE_LOADER = "$(TEST_HOST)";
				CODE_SIGN_STYLE = Automatic;
				INFOPLIST_FILE = TipsyTests/Info.plist;
				LD_RUNPATH_SEARCH_PATHS = (
					"$(inherited)",
					"@executable_path/Frameworks",
					"@loader_path/Frameworks",
				);
				PRODUCT_BUNDLE_IDENTIFIER = com.atalwar98.TipsyTests;
				PRODUCT_NAME = "$(TARGET_NAME)";
				TARGETED_DEVICE_FAMILY = "1,2";
				TEST_HOST = "$(BUILT_PRODUCTS_DIR)/Tipsy.app/Tipsy";
			};
			name = Debug;
		};
		2F15B06522C2C3B70092AA7E /* Release */ = {
			isa = XCBuildConfiguration;
			buildSettings = {
				BUNDLE_LOADER = "$(TEST_HOST)";
				CODE_SIGN_STYLE = Automatic;
				INFOPLIST_FILE = TipsyTests/Info.plist;
				LD_RUNPATH_SEARCH_PATHS = (
					"$(inherited)",
					"@executable_path/Frameworks",
					"@loader_path/Frameworks",
				);
				PRODUCT_BUNDLE_IDENTIFIER = com.atalwar98.TipsyTests;
				PRODUCT_NAME = "$(TARGET_NAME)";
				TARGETED_DEVICE_FAMILY = "1,2";
				TEST_HOST = "$(BUILT_PRODUCTS_DIR)/Tipsy.app/Tipsy";
			};
			name = Release;
		};
		2F15B06722C2C3B70092AA7E /* Debug */ = {
			isa = XCBuildConfiguration;
			buildSettings = {
				CODE_SIGN_STYLE = Automatic;
				INFOPLIST_FILE = TipsyUITests/Info.plist;
				LD_RUNPATH_SEARCH_PATHS = (
					"$(inherited)",
					"@executable_path/Frameworks",
					"@loader_path/Frameworks",
				);
				PRODUCT_BUNDLE_IDENTIFIER = com.atalwar98.TipsyUITests;
				PRODUCT_NAME = "$(TARGET_NAME)";
				TARGETED_DEVICE_FAMILY = "1,2";
				TEST_TARGET_NAME = Tipsy;
			};
			name = Debug;
		};
		2F15B06822C2C3B70092AA7E /* Release */ = {
			isa = XCBuildConfiguration;
			buildSettings = {
				CODE_SIGN_STYLE = Automatic;
				INFOPLIST_FILE = TipsyUITests/Info.plist;
				LD_RUNPATH_SEARCH_PATHS = (
					"$(inherited)",
					"@executable_path/Frameworks",
					"@loader_path/Frameworks",
				);
				PRODUCT_BUNDLE_IDENTIFIER = com.atalwar98.TipsyUITests;
				PRODUCT_NAME = "$(TARGET_NAME)";
				TARGETED_DEVICE_FAMILY = "1,2";
				TEST_TARGET_NAME = Tipsy;
			};
			name = Release;
		};
/* End XCBuildConfiguration section */

/* Begin XCConfigurationList section */
		2F15B02F22C2C3B50092AA7E /* Build configuration list for PBXProject "Tipsy" */ = {
			isa = XCConfigurationList;
			buildConfigurations = (
				2F15B05E22C2C3B70092AA7E /* Debug */,
				2F15B05F22C2C3B70092AA7E /* Release */,
			);
			defaultConfigurationIsVisible = 0;
			defaultConfigurationName = Release;
		};
		2F15B06022C2C3B70092AA7E /* Build configuration list for PBXNativeTarget "Tipsy" */ = {
			isa = XCConfigurationList;
			buildConfigurations = (
				2F15B06122C2C3B70092AA7E /* Debug */,
				2F15B06222C2C3B70092AA7E /* Release */,
			);
			defaultConfigurationIsVisible = 0;
			defaultConfigurationName = Release;
		};
		2F15B06322C2C3B70092AA7E /* Build configuration list for PBXNativeTarget "TipsyTests" */ = {
			isa = XCConfigurationList;
			buildConfigurations = (
				2F15B06422C2C3B70092AA7E /* Debug */,
				2F15B06522C2C3B70092AA7E /* Release */,
			);
			defaultConfigurationIsVisible = 0;
			defaultConfigurationName = Release;
		};
		2F15B06622C2C3B70092AA7E /* Build configuration list for PBXNativeTarget "TipsyUITests" */ = {
			isa = XCConfigurationList;
			buildConfigurations = (
				2F15B06722C2C3B70092AA7E /* Debug */,
				2F15B06822C2C3B70092AA7E /* Release */,
			);
			defaultConfigurationIsVisible = 0;
			defaultConfigurationName = Release;
		};
/* End XCConfigurationList section */
	};
	rootObject = 2F15B02C22C2C3B50092AA7E /* Project object */;
}
